// !$*UTF8*$!
{
	archiveVersion = 1;
	classes = {
	};
	objectVersion = 46;
	objects = {

/* Begin PBXBuildFile section */
		0EFEECC80A453F50A2F965CA /* libPods.a in Frameworks */ = {isa = PBXBuildFile; fileRef = 1D8F2D8708A8D67CE2BE15FB /* libPods.a */; };
		6E2AB8CF1A6B54420038C032 /* sample.jpg in Resources */ = {isa = PBXBuildFile; fileRef = 6E2AB8CE1A6B54420038C032 /* sample.jpg */; };
		6E2AB8D51A6B6D920038C032 /* LatestArticleManager.swift in Sources */ = {isa = PBXBuildFile; fileRef = 6E2AB8D41A6B6D920038C032 /* LatestArticleManager.swift */; };
		6E2AB90C1A73960E0038C032 /* BackgroundHideView.xib in Resources */ = {isa = PBXBuildFile; fileRef = 6E2AB90B1A73960E0038C032 /* BackgroundHideView.xib */; };
		6E2AB93F1A7489D00038C032 /* ArticleMasterTableViewCell.swift in Sources */ = {isa = PBXBuildFile; fileRef = 6E2AB93E1A7489D00038C032 /* ArticleMasterTableViewCell.swift */; };
		6E32B5BF1A6A5E4900F689C8 /* ArticleMasterViewController.swift in Sources */ = {isa = PBXBuildFile; fileRef = 6E32B5BE1A6A5E4900F689C8 /* ArticleMasterViewController.swift */; };
		6E34A7401A16F98F00ED957A /* AppDelegate.swift in Sources */ = {isa = PBXBuildFile; fileRef = 6E34A73F1A16F98F00ED957A /* AppDelegate.swift */; };
		6E34A7431A16F98F00ED957A /* app_matome.xcdatamodeld in Sources */ = {isa = PBXBuildFile; fileRef = 6E34A7411A16F98F00ED957A /* app_matome.xcdatamodeld */; };
		6E34A7451A16F98F00ED957A /* ViewController.swift in Sources */ = {isa = PBXBuildFile; fileRef = 6E34A7441A16F98F00ED957A /* ViewController.swift */; };
		6E34A7481A16F98F00ED957A /* Main.storyboard in Resources */ = {isa = PBXBuildFile; fileRef = 6E34A7461A16F98F00ED957A /* Main.storyboard */; };
		6E34A74A1A16F98F00ED957A /* Images.xcassets in Resources */ = {isa = PBXBuildFile; fileRef = 6E34A7491A16F98F00ED957A /* Images.xcassets */; };
		6E34A74D1A16F98F00ED957A /* LaunchScreen.xib in Resources */ = {isa = PBXBuildFile; fileRef = 6E34A74B1A16F98F00ED957A /* LaunchScreen.xib */; };
		6E34A7591A16F98F00ED957A /* app_matomeTests.swift in Sources */ = {isa = PBXBuildFile; fileRef = 6E34A7581A16F98F00ED957A /* app_matomeTests.swift */; };
		6E5623D01AAC186C00E647FA /* ArticleDetailViewController.swift in Sources */ = {isa = PBXBuildFile; fileRef = 6E5623CF1AAC186C00E647FA /* ArticleDetailViewController.swift */; };
		6E7FD4F11A74977A00C89328 /* ArticleMasterTableViewCell.xib in Resources */ = {isa = PBXBuildFile; fileRef = 6E7FD4F01A74977A00C89328 /* ArticleMasterTableViewCell.xib */; };
		6E7FD4F41A74BA2B00C89328 /* ArticleWoImageMasterTableViewCell.swift in Sources */ = {isa = PBXBuildFile; fileRef = 6E7FD4F21A74BA2B00C89328 /* ArticleWoImageMasterTableViewCell.swift */; };
		6E7FD4F51A74BA2B00C89328 /* ArticleWoImageMasterTableViewCell.xib in Resources */ = {isa = PBXBuildFile; fileRef = 6E7FD4F31A74BA2B00C89328 /* ArticleWoImageMasterTableViewCell.xib */; };
		6E8A61B91AC7C4AF00AB503B /* PageSwipeViewController.swift in Sources */ = {isa = PBXBuildFile; fileRef = 6E8A61B81AC7C4AF00AB503B /* PageSwipeViewController.swift */; };
		6EB33B471ABD360D001E6D64 /* ArticleMasterTableViewLoadingCell.swift in Sources */ = {isa = PBXBuildFile; fileRef = 6EB33B451ABD360D001E6D64 /* ArticleMasterTableViewLoadingCell.swift */; };
		6EB33B481ABD360D001E6D64 /* ArticleMasterTableViewLoadingCell.xib in Resources */ = {isa = PBXBuildFile; fileRef = 6EB33B461ABD360D001E6D64 /* ArticleMasterTableViewLoadingCell.xib */; };
		6EC82C451ADA2A13006EC3B7 /* NavigationMenuScrollView.xib in Resources */ = {isa = PBXBuildFile; fileRef = 6EC82C441ADA2A13006EC3B7 /* NavigationMenuScrollView.xib */; };
		6EC82C491ADA3A76006EC3B7 /* MenuButton.swift in Sources */ = {isa = PBXBuildFile; fileRef = 6EC82C481ADA3A76006EC3B7 /* MenuButton.swift */; };
		6EC82C4B1ADCEC7E006EC3B7 /* NavigationMenuScrollView.swift in Sources */ = {isa = PBXBuildFile; fileRef = 6EC82C4A1ADCEC7E006EC3B7 /* NavigationMenuScrollView.swift */; };
/* End PBXBuildFile section */

/* Begin PBXContainerItemProxy section */
		6E34A7531A16F98F00ED957A /* PBXContainerItemProxy */ = {
			isa = PBXContainerItemProxy;
			containerPortal = 6E34A7321A16F98F00ED957A /* Project object */;
			proxyType = 1;
			remoteGlobalIDString = 6E34A7391A16F98F00ED957A;
			remoteInfo = app_matome;
		};
/* End PBXContainerItemProxy section */

/* Begin PBXFileReference section */
		0250B20351A96F4C3EB99492 /* Pods.debug.xcconfig */ = {isa = PBXFileReference; includeInIndex = 1; lastKnownFileType = text.xcconfig; name = Pods.debug.xcconfig; path = "Pods/Target Support Files/Pods/Pods.debug.xcconfig"; sourceTree = "<group>"; };
		1D8F2D8708A8D67CE2BE15FB /* libPods.a */ = {isa = PBXFileReference; explicitFileType = archive.ar; includeInIndex = 0; path = libPods.a; sourceTree = BUILT_PRODUCTS_DIR; };
		6E2AB8CE1A6B54420038C032 /* sample.jpg */ = {isa = PBXFileReference; lastKnownFileType = image.jpeg; path = sample.jpg; sourceTree = "<group>"; };
		6E2AB8D41A6B6D920038C032 /* LatestArticleManager.swift */ = {isa = PBXFileReference; fileEncoding = 4; lastKnownFileType = sourcecode.swift; path = LatestArticleManager.swift; sourceTree = "<group>"; };
		6E2AB90B1A73960E0038C032 /* BackgroundHideView.xib */ = {isa = PBXFileReference; fileEncoding = 4; lastKnownFileType = file.xib; path = BackgroundHideView.xib; sourceTree = "<group>"; };
		6E2AB93E1A7489D00038C032 /* ArticleMasterTableViewCell.swift */ = {isa = PBXFileReference; fileEncoding = 4; lastKnownFileType = sourcecode.swift; path = ArticleMasterTableViewCell.swift; sourceTree = "<group>"; };
		6E32B5BA1A6A480200F689C8 /* app_matome-Bridging-Header.h */ = {isa = PBXFileReference; lastKnownFileType = sourcecode.c.h; path = "app_matome-Bridging-Header.h"; sourceTree = "<group>"; };
		6E32B5BE1A6A5E4900F689C8 /* ArticleMasterViewController.swift */ = {isa = PBXFileReference; fileEncoding = 4; lastKnownFileType = sourcecode.swift; path = ArticleMasterViewController.swift; sourceTree = "<group>"; };
		6E34A73A1A16F98F00ED957A /* app_matome.app */ = {isa = PBXFileReference; explicitFileType = wrapper.application; includeInIndex = 0; path = app_matome.app; sourceTree = BUILT_PRODUCTS_DIR; };
		6E34A73E1A16F98F00ED957A /* Info.plist */ = {isa = PBXFileReference; lastKnownFileType = text.plist.xml; path = Info.plist; sourceTree = "<group>"; };
		6E34A73F1A16F98F00ED957A /* AppDelegate.swift */ = {isa = PBXFileReference; lastKnownFileType = sourcecode.swift; path = AppDelegate.swift; sourceTree = "<group>"; };
		6E34A7421A16F98F00ED957A /* app_matome.xcdatamodel */ = {isa = PBXFileReference; lastKnownFileType = wrapper.xcdatamodel; path = app_matome.xcdatamodel; sourceTree = "<group>"; };
		6E34A7441A16F98F00ED957A /* ViewController.swift */ = {isa = PBXFileReference; lastKnownFileType = sourcecode.swift; path = ViewController.swift; sourceTree = "<group>"; };
		6E34A7471A16F98F00ED957A /* Base */ = {isa = PBXFileReference; lastKnownFileType = file.storyboard; name = Base; path = Base.lproj/Main.storyboard; sourceTree = "<group>"; };
		6E34A7491A16F98F00ED957A /* Images.xcassets */ = {isa = PBXFileReference; lastKnownFileType = folder.assetcatalog; path = Images.xcassets; sourceTree = "<group>"; };
		6E34A74C1A16F98F00ED957A /* Base */ = {isa = PBXFileReference; lastKnownFileType = file.xib; name = Base; path = Base.lproj/LaunchScreen.xib; sourceTree = "<group>"; };
		6E34A7521A16F98F00ED957A /* app_matomeTests.xctest */ = {isa = PBXFileReference; explicitFileType = wrapper.cfbundle; includeInIndex = 0; path = app_matomeTests.xctest; sourceTree = BUILT_PRODUCTS_DIR; };
		6E34A7571A16F98F00ED957A /* Info.plist */ = {isa = PBXFileReference; lastKnownFileType = text.plist.xml; path = Info.plist; sourceTree = "<group>"; };
		6E34A7581A16F98F00ED957A /* app_matomeTests.swift */ = {isa = PBXFileReference; lastKnownFileType = sourcecode.swift; path = app_matomeTests.swift; sourceTree = "<group>"; };
		6E5623CF1AAC186C00E647FA /* ArticleDetailViewController.swift */ = {isa = PBXFileReference; fileEncoding = 4; lastKnownFileType = sourcecode.swift; path = ArticleDetailViewController.swift; sourceTree = "<group>"; };
		6E7FD4F01A74977A00C89328 /* ArticleMasterTableViewCell.xib */ = {isa = PBXFileReference; fileEncoding = 4; lastKnownFileType = file.xib; path = ArticleMasterTableViewCell.xib; sourceTree = "<group>"; };
		6E7FD4F21A74BA2B00C89328 /* ArticleWoImageMasterTableViewCell.swift */ = {isa = PBXFileReference; fileEncoding = 4; lastKnownFileType = sourcecode.swift; path = ArticleWoImageMasterTableViewCell.swift; sourceTree = "<group>"; };
		6E7FD4F31A74BA2B00C89328 /* ArticleWoImageMasterTableViewCell.xib */ = {isa = PBXFileReference; fileEncoding = 4; lastKnownFileType = file.xib; path = ArticleWoImageMasterTableViewCell.xib; sourceTree = "<group>"; };
		6E8A61B81AC7C4AF00AB503B /* PageSwipeViewController.swift */ = {isa = PBXFileReference; fileEncoding = 4; lastKnownFileType = sourcecode.swift; path = PageSwipeViewController.swift; sourceTree = "<group>"; };
		6EB33B451ABD360D001E6D64 /* ArticleMasterTableViewLoadingCell.swift */ = {isa = PBXFileReference; fileEncoding = 4; lastKnownFileType = sourcecode.swift; path = ArticleMasterTableViewLoadingCell.swift; sourceTree = "<group>"; };
		6EB33B461ABD360D001E6D64 /* ArticleMasterTableViewLoadingCell.xib */ = {isa = PBXFileReference; fileEncoding = 4; lastKnownFileType = file.xib; path = ArticleMasterTableViewLoadingCell.xib; sourceTree = "<group>"; };
		6EC82C441ADA2A13006EC3B7 /* NavigationMenuScrollView.xib */ = {isa = PBXFileReference; fileEncoding = 4; lastKnownFileType = file.xib; path = NavigationMenuScrollView.xib; sourceTree = "<group>"; };
		6EC82C481ADA3A76006EC3B7 /* MenuButton.swift */ = {isa = PBXFileReference; fileEncoding = 4; lastKnownFileType = sourcecode.swift; name = MenuButton.swift; path = ../MenuButton.swift; sourceTree = "<group>"; };
		6EC82C4A1ADCEC7E006EC3B7 /* NavigationMenuScrollView.swift */ = {isa = PBXFileReference; fileEncoding = 4; lastKnownFileType = sourcecode.swift; path = NavigationMenuScrollView.swift; sourceTree = "<group>"; };
		DFF376C91C12D483EBE0124D /* Pods.release.xcconfig */ = {isa = PBXFileReference; includeInIndex = 1; lastKnownFileType = text.xcconfig; name = Pods.release.xcconfig; path = "Pods/Target Support Files/Pods/Pods.release.xcconfig"; sourceTree = "<group>"; };
/* End PBXFileReference section */

/* Begin PBXFrameworksBuildPhase section */
		6E34A7371A16F98F00ED957A /* Frameworks */ = {
			isa = PBXFrameworksBuildPhase;
			buildActionMask = 2147483647;
			files = (
				0EFEECC80A453F50A2F965CA /* libPods.a in Frameworks */,
			);
			runOnlyForDeploymentPostprocessing = 0;
		};
		6E34A74F1A16F98F00ED957A /* Frameworks */ = {
			isa = PBXFrameworksBuildPhase;
			buildActionMask = 2147483647;
			files = (
			);
			runOnlyForDeploymentPostprocessing = 0;
		};
/* End PBXFrameworksBuildPhase section */

/* Begin PBXGroup section */
		6E34A7311A16F98F00ED957A = {
			isa = PBXGroup;
			children = (
				6E34A73C1A16F98F00ED957A /* app_matome */,
				6E34A7551A16F98F00ED957A /* app_matomeTests */,
				6E34A73B1A16F98F00ED957A /* Products */,
				742548EB870BCA3110E6AF8D /* Pods */,
				8F7738BB5B0F01025BA96DA3 /* Frameworks */,
			);
			sourceTree = "<group>";
		};
		6E34A73B1A16F98F00ED957A /* Products */ = {
			isa = PBXGroup;
			children = (
				6E34A73A1A16F98F00ED957A /* app_matome.app */,
				6E34A7521A16F98F00ED957A /* app_matomeTests.xctest */,
			);
			name = Products;
			sourceTree = "<group>";
		};
		6E34A73C1A16F98F00ED957A /* app_matome */ = {
			isa = PBXGroup;
			children = (
				6E34A73F1A16F98F00ED957A /* AppDelegate.swift */,
				6E34A7441A16F98F00ED957A /* ViewController.swift */,
				6E34A7461A16F98F00ED957A /* Main.storyboard */,
				6E2AB90B1A73960E0038C032 /* BackgroundHideView.xib */,
				6E8A61B81AC7C4AF00AB503B /* PageSwipeViewController.swift */,
				6E32B5BE1A6A5E4900F689C8 /* ArticleMasterViewController.swift */,
				6E2AB93E1A7489D00038C032 /* ArticleMasterTableViewCell.swift */,
				6E7FD4F01A74977A00C89328 /* ArticleMasterTableViewCell.xib */,
				6E7FD4F21A74BA2B00C89328 /* ArticleWoImageMasterTableViewCell.swift */,
				6E7FD4F31A74BA2B00C89328 /* ArticleWoImageMasterTableViewCell.xib */,
				6EB33B451ABD360D001E6D64 /* ArticleMasterTableViewLoadingCell.swift */,
				6EB33B461ABD360D001E6D64 /* ArticleMasterTableViewLoadingCell.xib */,
				6E2AB8D41A6B6D920038C032 /* LatestArticleManager.swift */,
				6E5623CF1AAC186C00E647FA /* ArticleDetailViewController.swift */,
				6EC82C441ADA2A13006EC3B7 /* NavigationMenuScrollView.xib */,
				6EC82C4A1ADCEC7E006EC3B7 /* NavigationMenuScrollView.swift */,
				6EC82C481ADA3A76006EC3B7 /* MenuButton.swift */,
				6E34A7491A16F98F00ED957A /* Images.xcassets */,
				6E34A74B1A16F98F00ED957A /* LaunchScreen.xib */,
				6E34A7411A16F98F00ED957A /* app_matome.xcdatamodeld */,
				6E34A73D1A16F98F00ED957A /* Supporting Files */,
				6E32B5BA1A6A480200F689C8 /* app_matome-Bridging-Header.h */,
				6E2AB8CE1A6B54420038C032 /* sample.jpg */,
			);
			path = app_matome;
			sourceTree = "<group>";
		};
		6E34A73D1A16F98F00ED957A /* Supporting Files */ = {
			isa = PBXGroup;
			children = (
				6E34A73E1A16F98F00ED957A /* Info.plist */,
			);
			name = "Supporting Files";
			sourceTree = "<group>";
		};
		6E34A7551A16F98F00ED957A /* app_matomeTests */ = {
			isa = PBXGroup;
			children = (
				6E34A7581A16F98F00ED957A /* app_matomeTests.swift */,
				6E34A7561A16F98F00ED957A /* Supporting Files */,
			);
			path = app_matomeTests;
			sourceTree = "<group>";
		};
		6E34A7561A16F98F00ED957A /* Supporting Files */ = {
			isa = PBXGroup;
			children = (
				6E34A7571A16F98F00ED957A /* Info.plist */,
			);
			name = "Supporting Files";
			sourceTree = "<group>";
		};
		742548EB870BCA3110E6AF8D /* Pods */ = {
			isa = PBXGroup;
			children = (
				0250B20351A96F4C3EB99492 /* Pods.debug.xcconfig */,
				DFF376C91C12D483EBE0124D /* Pods.release.xcconfig */,
			);
			name = Pods;
			sourceTree = "<group>";
		};
		8F7738BB5B0F01025BA96DA3 /* Frameworks */ = {
			isa = PBXGroup;
			children = (
				1D8F2D8708A8D67CE2BE15FB /* libPods.a */,
			);
			name = Frameworks;
			sourceTree = "<group>";
		};
/* End PBXGroup section */

/* Begin PBXNativeTarget section */
		6E34A7391A16F98F00ED957A /* app_matome */ = {
			isa = PBXNativeTarget;
			buildConfigurationList = 6E34A75C1A16F98F00ED957A /* Build configuration list for PBXNativeTarget "app_matome" */;
			buildPhases = (
				3B92384BE2D7C1DE04556A80 /* Check Pods Manifest.lock */,
				6E34A7361A16F98F00ED957A /* Sources */,
				6E34A7371A16F98F00ED957A /* Frameworks */,
				6E34A7381A16F98F00ED957A /* Resources */,
				540CAE09D2645D721CB06F7E /* Copy Pods Resources */,
			);
			buildRules = (
			);
			dependencies = (
			);
			name = app_matome;
			productName = app_matome;
			productReference = 6E34A73A1A16F98F00ED957A /* app_matome.app */;
			productType = "com.apple.product-type.application";
		};
		6E34A7511A16F98F00ED957A /* app_matomeTests */ = {
			isa = PBXNativeTarget;
			buildConfigurationList = 6E34A75F1A16F98F00ED957A /* Build configuration list for PBXNativeTarget "app_matomeTests" */;
			buildPhases = (
				6E34A74E1A16F98F00ED957A /* Sources */,
				6E34A74F1A16F98F00ED957A /* Frameworks */,
				6E34A7501A16F98F00ED957A /* Resources */,
			);
			buildRules = (
			);
			dependencies = (
				6E34A7541A16F98F00ED957A /* PBXTargetDependency */,
			);
			name = app_matomeTests;
			productName = app_matomeTests;
			productReference = 6E34A7521A16F98F00ED957A /* app_matomeTests.xctest */;
			productType = "com.apple.product-type.bundle.unit-test";
		};
/* End PBXNativeTarget section */

/* Begin PBXProject section */
		6E34A7321A16F98F00ED957A /* Project object */ = {
			isa = PBXProject;
			attributes = {
				LastUpgradeCheck = 0610;
				ORGANIZATIONNAME = "Kazuhiro Hayashi";
				TargetAttributes = {
					6E34A7391A16F98F00ED957A = {
						CreatedOnToolsVersion = 6.1;
					};
					6E34A7511A16F98F00ED957A = {
						CreatedOnToolsVersion = 6.1;
						TestTargetID = 6E34A7391A16F98F00ED957A;
					};
				};
			};
			buildConfigurationList = 6E34A7351A16F98F00ED957A /* Build configuration list for PBXProject "app_matome" */;
			compatibilityVersion = "Xcode 3.2";
			developmentRegion = English;
			hasScannedForEncodings = 0;
			knownRegions = (
				en,
				Base,
			);
			mainGroup = 6E34A7311A16F98F00ED957A;
			productRefGroup = 6E34A73B1A16F98F00ED957A /* Products */;
			projectDirPath = "";
			projectRoot = "";
			targets = (
				6E34A7391A16F98F00ED957A /* app_matome */,
				6E34A7511A16F98F00ED957A /* app_matomeTests */,
			);
		};
/* End PBXProject section */

/* Begin PBXResourcesBuildPhase section */
		6E34A7381A16F98F00ED957A /* Resources */ = {
			isa = PBXResourcesBuildPhase;
			buildActionMask = 2147483647;
			files = (
				6E2AB8CF1A6B54420038C032 /* sample.jpg in Resources */,
				6E34A7481A16F98F00ED957A /* Main.storyboard in Resources */,
				6E7FD4F11A74977A00C89328 /* ArticleMasterTableViewCell.xib in Resources */,
				6EC82C451ADA2A13006EC3B7 /* NavigationMenuScrollView.xib in Resources */,
				6E34A74D1A16F98F00ED957A /* LaunchScreen.xib in Resources */,
				6E2AB90C1A73960E0038C032 /* BackgroundHideView.xib in Resources */,
				6EB33B481ABD360D001E6D64 /* ArticleMasterTableViewLoadingCell.xib in Resources */,
				6E7FD4F51A74BA2B00C89328 /* ArticleWoImageMasterTableViewCell.xib in Resources */,
				6E34A74A1A16F98F00ED957A /* Images.xcassets in Resources */,
			);
			runOnlyForDeploymentPostprocessing = 0;
		};
		6E34A7501A16F98F00ED957A /* Resources */ = {
			isa = PBXResourcesBuildPhase;
			buildActionMask = 2147483647;
			files = (
			);
			runOnlyForDeploymentPostprocessing = 0;
		};
/* End PBXResourcesBuildPhase section */

/* Begin PBXShellScriptBuildPhase section */
		3B92384BE2D7C1DE04556A80 /* Check Pods Manifest.lock */ = {
			isa = PBXShellScriptBuildPhase;
			buildActionMask = 2147483647;
			files = (
			);
			inputPaths = (
			);
			name = "Check Pods Manifest.lock";
			outputPaths = (
			);
			runOnlyForDeploymentPostprocessing = 0;
			shellPath = /bin/sh;
			shellScript = "diff \"${PODS_ROOT}/../Podfile.lock\" \"${PODS_ROOT}/Manifest.lock\" > /dev/null\nif [[ $? != 0 ]] ; then\n    cat << EOM\nerror: The sandbox is not in sync with the Podfile.lock. Run 'pod install' or update your CocoaPods installation.\nEOM\n    exit 1\nfi\n";
			showEnvVarsInLog = 0;
		};
		540CAE09D2645D721CB06F7E /* Copy Pods Resources */ = {
			isa = PBXShellScriptBuildPhase;
			buildActionMask = 2147483647;
			files = (
			);
			inputPaths = (
			);
			name = "Copy Pods Resources";
			outputPaths = (
			);
			runOnlyForDeploymentPostprocessing = 0;
			shellPath = /bin/sh;
			shellScript = "\"${SRCROOT}/Pods/Target Support Files/Pods/Pods-resources.sh\"\n";
			showEnvVarsInLog = 0;
		};
/* End PBXShellScriptBuildPhase section */

/* Begin PBXSourcesBuildPhase section */
		6E34A7361A16F98F00ED957A /* Sources */ = {
			isa = PBXSourcesBuildPhase;
			buildActionMask = 2147483647;
			files = (
				6E2AB8D51A6B6D920038C032 /* LatestArticleManager.swift in Sources */,
				6E5623D01AAC186C00E647FA /* ArticleDetailViewController.swift in Sources */,
				6E34A7451A16F98F00ED957A /* ViewController.swift in Sources */,
				6E7FD4F41A74BA2B00C89328 /* ArticleWoImageMasterTableViewCell.swift in Sources */,
				6EB33B471ABD360D001E6D64 /* ArticleMasterTableViewLoadingCell.swift in Sources */,
				6E34A7431A16F98F00ED957A /* app_matome.xcdatamodeld in Sources */,
				6EC82C491ADA3A76006EC3B7 /* MenuButton.swift in Sources */,
				6E8A61B91AC7C4AF00AB503B /* PageSwipeViewController.swift in Sources */,
				6EC82C4B1ADCEC7E006EC3B7 /* NavigationMenuScrollView.swift in Sources */,
				6E32B5BF1A6A5E4900F689C8 /* ArticleMasterViewController.swift in Sources */,
				6E2AB93F1A7489D00038C032 /* ArticleMasterTableViewCell.swift in Sources */,
				6E34A7401A16F98F00ED957A /* AppDelegate.swift in Sources */,
			);
			runOnlyForDeploymentPostprocessing = 0;
		};
		6E34A74E1A16F98F00ED957A /* Sources */ = {
			isa = PBXSourcesBuildPhase;
			buildActionMask = 2147483647;
			files = (
				6E34A7591A16F98F00ED957A /* app_matomeTests.swift in Sources */,
			);
			runOnlyForDeploymentPostprocessing = 0;
		};
/* End PBXSourcesBuildPhase section */

/* Begin PBXTargetDependency section */
		6E34A7541A16F98F00ED957A /* PBXTargetDependency */ = {
			isa = PBXTargetDependency;
			target = 6E34A7391A16F98F00ED957A /* app_matome */;
			targetProxy = 6E34A7531A16F98F00ED957A /* PBXContainerItemProxy */;
		};
/* End PBXTargetDependency section */

/* Begin PBXVariantGroup section */
		6E34A7461A16F98F00ED957A /* Main.storyboard */ = {
			isa = PBXVariantGroup;
			children = (
				6E34A7471A16F98F00ED957A /* Base */,
			);
			name = Main.storyboard;
			sourceTree = "<group>";
		};
		6E34A74B1A16F98F00ED957A /* LaunchScreen.xib */ = {
			isa = PBXVariantGroup;
			children = (
				6E34A74C1A16F98F00ED957A /* Base */,
			);
			name = LaunchScreen.xib;
			sourceTree = "<group>";
		};
/* End PBXVariantGroup section */

/* Begin XCBuildConfiguration section */
		6E34A75A1A16F98F00ED957A /* Debug */ = {
			isa = XCBuildConfiguration;
			buildSettings = {
				ALWAYS_SEARCH_USER_PATHS = NO;
				CLANG_CXX_LANGUAGE_STANDARD = "gnu++0x";
				CLANG_CXX_LIBRARY = "libc++";
				CLANG_ENABLE_MODULES = YES;
				CLANG_ENABLE_OBJC_ARC = YES;
				CLANG_WARN_BOOL_CONVERSION = YES;
				CLANG_WARN_CONSTANT_CONVERSION = YES;
				CLANG_WARN_DIRECT_OBJC_ISA_USAGE = YES_ERROR;
				CLANG_WARN_EMPTY_BODY = YES;
				CLANG_WARN_ENUM_CONVERSION = YES;
				CLANG_WARN_INT_CONVERSION = YES;
				CLANG_WARN_OBJC_ROOT_CLASS = YES_ERROR;
				CLANG_WARN_UNREACHABLE_CODE = YES;
				CLANG_WARN__DUPLICATE_METHOD_MATCH = YES;
				"CODE_SIGN_IDENTITY[sdk=iphoneos*]" = "iPhone Developer";
				COPY_PHASE_STRIP = NO;
				ENABLE_STRICT_OBJC_MSGSEND = YES;
				GCC_C_LANGUAGE_STANDARD = gnu99;
				GCC_DYNAMIC_NO_PIC = NO;
				GCC_OPTIMIZATION_LEVEL = 0;
				GCC_PREPROCESSOR_DEFINITIONS = (
					"DEBUG=1",
					"$(inherited)",
				);
				GCC_SYMBOLS_PRIVATE_EXTERN = NO;
				GCC_WARN_64_TO_32_BIT_CONVERSION = YES;
				GCC_WARN_ABOUT_RETURN_TYPE = YES_ERROR;
				GCC_WARN_UNDECLARED_SELECTOR = YES;
				GCC_WARN_UNINITIALIZED_AUTOS = YES_AGGRESSIVE;
				GCC_WARN_UNUSED_FUNCTION = YES;
				GCC_WARN_UNUSED_VARIABLE = YES;
				IPHONEOS_DEPLOYMENT_TARGET = 8.1;
				MTL_ENABLE_DEBUG_INFO = YES;
				ONLY_ACTIVE_ARCH = YES;
				SDKROOT = iphoneos;
				SWIFT_OPTIMIZATION_LEVEL = "-Onone";
			};
			name = Debug;
		};
		6E34A75B1A16F98F00ED957A /* Release */ = {
			isa = XCBuildConfiguration;
			buildSettings = {
				ALWAYS_SEARCH_USER_PATHS = NO;
				CLANG_CXX_LANGUAGE_STANDARD = "gnu++0x";
				CLANG_CXX_LIBRARY = "libc++";
				CLANG_ENABLE_MODULES = YES;
				CLANG_ENABLE_OBJC_ARC = YES;
				CLANG_WARN_BOOL_CONVERSION = YES;
				CLANG_WARN_CONSTANT_CONVERSION = YES;
				CLANG_WARN_DIRECT_OBJC_ISA_USAGE = YES_ERROR;
				CLANG_WARN_EMPTY_BODY = YES;
				CLANG_WARN_ENUM_CONVERSION = YES;
				CLANG_WARN_INT_CONVERSION = YES;
				CLANG_WARN_OBJC_ROOT_CLASS = YES_ERROR;
				CLANG_WARN_UNREACHABLE_CODE = YES;
				CLANG_WARN__DUPLICATE_METHOD_MATCH = YES;
				"CODE_SIGN_IDENTITY[sdk=iphoneos*]" = "iPhone Developer";
				COPY_PHASE_STRIP = YES;
				ENABLE_NS_ASSERTIONS = NO;
				ENABLE_STRICT_OBJC_MSGSEND = YES;
				GCC_C_LANGUAGE_STANDARD = gnu99;
				GCC_WARN_64_TO_32_BIT_CONVERSION = YES;
				GCC_WARN_ABOUT_RETURN_TYPE = YES_ERROR;
				GCC_WARN_UNDECLARED_SELECTOR = YES;
				GCC_WARN_UNINITIALIZED_AUTOS = YES_AGGRESSIVE;
				GCC_WARN_UNUSED_FUNCTION = YES;
				GCC_WARN_UNUSED_VARIABLE = YES;
				IPHONEOS_DEPLOYMENT_TARGET = 8.1;
				MTL_ENABLE_DEBUG_INFO = NO;
				SDKROOT = iphoneos;
				VALIDATE_PRODUCT = YES;
			};
			name = Release;
		};
		6E34A75D1A16F98F00ED957A /* Debug */ = {
			isa = XCBuildConfiguration;
			baseConfigurationReference = 0250B20351A96F4C3EB99492 /* Pods.debug.xcconfig */;
			buildSettings = {
				ASSETCATALOG_COMPILER_APPICON_NAME = AppIcon;
				CLANG_ENABLE_MODULES = YES;
				INFOPLIST_FILE = app_matome/Info.plist;
				LD_RUNPATH_SEARCH_PATHS = "$(inherited) @executable_path/Frameworks";
				PRODUCT_NAME = "$(TARGET_NAME)";
				SWIFT_OBJC_BRIDGING_HEADER = "app_matome/app_matome-Bridging-Header.h";
				SWIFT_OPTIMIZATION_LEVEL = "-Onone";
			};
			name = Debug;
		};
		6E34A75E1A16F98F00ED957A /* Release */ = {
			isa = XCBuildConfiguration;
			baseConfigurationReference = DFF376C91C12D483EBE0124D /* Pods.release.xcconfig */;
			buildSettings = {
				ASSETCATALOG_COMPILER_APPICON_NAME = AppIcon;
				CLANG_ENABLE_MODULES = YES;
				INFOPLIST_FILE = app_matome/Info.plist;
				LD_RUNPATH_SEARCH_PATHS = "$(inherited) @executable_path/Frameworks";
				PRODUCT_NAME = "$(TARGET_NAME)";
				SWIFT_OBJC_BRIDGING_HEADER = "app_matome/app_matome-Bridging-Header.h";
			};
			name = Release;
		};
		6E34A7601A16F98F00ED957A /* Debug */ = {
			isa = XCBuildConfiguration;
			buildSettings = {
				BUNDLE_LOADER = "$(TEST_HOST)";
				FRAMEWORK_SEARCH_PATHS = (
					"$(SDKROOT)/Developer/Library/Frameworks",
					"$(inherited)",
				);
				GCC_PREPROCESSOR_DEFINITIONS = (
					"DEBUG=1",
					"$(inherited)",
				);
				INFOPLIST_FILE = app_matomeTests/Info.plist;
				LD_RUNPATH_SEARCH_PATHS = "$(inherited) @executable_path/Frameworks @loader_path/Frameworks";
				PRODUCT_NAME = "$(TARGET_NAME)";
				TEST_HOST = "$(BUILT_PRODUCTS_DIR)/app_matome.app/app_matome";
			};
			name = Debug;
		};
		6E34A7611A16F98F00ED957A /* Release */ = {
			isa = XCBuildConfiguration;
			buildSettings = {
				BUNDLE_LOADER = "$(TEST_HOST)";
				FRAMEWORK_SEARCH_PATHS = (
					"$(SDKROOT)/Developer/Library/Frameworks",
					"$(inherited)",
				);
				INFOPLIST_FILE = app_matomeTests/Info.plist;
				LD_RUNPATH_SEARCH_PATHS = "$(inherited) @executable_path/Frameworks @loader_path/Frameworks";
				PRODUCT_NAME = "$(TARGET_NAME)";
				TEST_HOST = "$(BUILT_PRODUCTS_DIR)/app_matome.app/app_matome";
			};
			name = Release;
		};
/* End XCBuildConfiguration section */

/* Begin XCConfigurationList section */
		6E34A7351A16F98F00ED957A /* Build configuration list for PBXProject "app_matome" */ = {
			isa = XCConfigurationList;
			buildConfigurations = (
				6E34A75A1A16F98F00ED957A /* Debug */,
				6E34A75B1A16F98F00ED957A /* Release */,
			);
			defaultConfigurationIsVisible = 0;
			defaultConfigurationName = Release;
		};
		6E34A75C1A16F98F00ED957A /* Build configuration list for PBXNativeTarget "app_matome" */ = {
			isa = XCConfigurationList;
			buildConfigurations = (
				6E34A75D1A16F98F00ED957A /* Debug */,
				6E34A75E1A16F98F00ED957A /* Release */,
			);
			defaultConfigurationIsVisible = 0;
			defaultConfigurationName = Release;
		};
		6E34A75F1A16F98F00ED957A /* Build configuration list for PBXNativeTarget "app_matomeTests" */ = {
			isa = XCConfigurationList;
			buildConfigurations = (
				6E34A7601A16F98F00ED957A /* Debug */,
				6E34A7611A16F98F00ED957A /* Release */,
			);
			defaultConfigurationIsVisible = 0;
			defaultConfigurationName = Release;
		};
/* End XCConfigurationList section */

/* Begin XCVersionGroup section */
		6E34A7411A16F98F00ED957A /* app_matome.xcdatamodeld */ = {
			isa = XCVersionGroup;
			children = (
				6E34A7421A16F98F00ED957A /* app_matome.xcdatamodel */,
			);
			currentVersion = 6E34A7421A16F98F00ED957A /* app_matome.xcdatamodel */;
			path = app_matome.xcdatamodeld;
			sourceTree = "<group>";
			versionGroupType = wrapper.xcdatamodel;
		};
/* End XCVersionGroup section */
	};
	rootObject = 6E34A7321A16F98F00ED957A /* Project object */;
}
